// !$*UTF8*$!
{
	archiveVersion = 1;
	classes = {
	};
	objectVersion = 46;
	objects = {

/* Begin PBXBuildFile section */
		BCBA39AA1B3032EB007E8A2E /* main.swift in Sources */ = {isa = PBXBuildFile; fileRef = BCBA39A91B3032EB007E8A2E /* main.swift */; };
		BCBA39B11B303310007E8A2E /* ClassFile.swift in Sources */ = {isa = PBXBuildFile; fileRef = BCBA39B01B303310007E8A2E /* ClassFile.swift */; };
		BCBA39B71B3164FB007E8A2E /* ClassConstant.swift in Sources */ = {isa = PBXBuildFile; fileRef = BCBA39B61B3164FB007E8A2E /* ClassConstant.swift */; };
		BCE57D7B1B5106C10064EF55 /* Annotation.swift in Sources */ = {isa = PBXBuildFile; fileRef = BCE57D7A1B5106C10064EF55 /* Annotation.swift */; };
		BCE57D7D1B58D65D0064EF55 /* MethodInfo.swift in Sources */ = {isa = PBXBuildFile; fileRef = BCE57D7C1B58D65D0064EF55 /* MethodInfo.swift */; };
		BCFCA2B91B4B59FD00F02E2F /* FieldInfo.swift in Sources */ = {isa = PBXBuildFile; fileRef = BCFCA2B81B4B59FD00F02E2F /* FieldInfo.swift */; };
		BCFCA2BB1B4B5CA500F02E2F /* AttributeInfo.swift in Sources */ = {isa = PBXBuildFile; fileRef = BCFCA2BA1B4B5CA500F02E2F /* AttributeInfo.swift */; };
		BCFCA2BD1B4C710E00F02E2F /* StackMapTableAttribute.swift in Sources */ = {isa = PBXBuildFile; fileRef = BCFCA2BC1B4C710E00F02E2F /* StackMapTableAttribute.swift */; };
/* End PBXBuildFile section */

/* Begin PBXCopyFilesBuildPhase section */
		BCBA39A41B3032EB007E8A2E /* CopyFiles */ = {
			isa = PBXCopyFilesBuildPhase;
			buildActionMask = 2147483647;
			dstPath = /usr/share/man/man1/;
			dstSubfolderSpec = 0;
			files = (
			);
			runOnlyForDeploymentPostprocessing = 1;
		};
/* End PBXCopyFilesBuildPhase section */

/* Begin PBXFileReference section */
		BCBA39A61B3032EB007E8A2E /* JarParser */ = {isa = PBXFileReference; explicitFileType = "compiled.mach-o.executable"; includeInIndex = 0; path = JarParser; sourceTree = BUILT_PRODUCTS_DIR; };
		BCBA39A91B3032EB007E8A2E /* main.swift */ = {isa = PBXFileReference; lastKnownFileType = sourcecode.swift; path = main.swift; sourceTree = "<group>"; };
		BCBA39B01B303310007E8A2E /* ClassFile.swift */ = {isa = PBXFileReference; fileEncoding = 4; lastKnownFileType = sourcecode.swift; path = ClassFile.swift; sourceTree = "<group>"; };
		BCBA39B61B3164FB007E8A2E /* ClassConstant.swift */ = {isa = PBXFileReference; fileEncoding = 4; lastKnownFileType = sourcecode.swift; path = ClassConstant.swift; sourceTree = "<group>"; };
		BCE57D7A1B5106C10064EF55 /* Annotation.swift */ = {isa = PBXFileReference; fileEncoding = 4; lastKnownFileType = sourcecode.swift; path = Annotation.swift; sourceTree = "<group>"; };
		BCE57D7C1B58D65D0064EF55 /* MethodInfo.swift */ = {isa = PBXFileReference; fileEncoding = 4; lastKnownFileType = sourcecode.swift; path = MethodInfo.swift; sourceTree = "<group>"; };
		BCFCA2B81B4B59FD00F02E2F /* FieldInfo.swift */ = {isa = PBXFileReference; fileEncoding = 4; lastKnownFileType = sourcecode.swift; path = FieldInfo.swift; sourceTree = "<group>"; };
		BCFCA2BA1B4B5CA500F02E2F /* AttributeInfo.swift */ = {isa = PBXFileReference; fileEncoding = 4; lastKnownFileType = sourcecode.swift; path = AttributeInfo.swift; sourceTree = "<group>"; };
		BCFCA2BC1B4C710E00F02E2F /* StackMapTableAttribute.swift */ = {isa = PBXFileReference; fileEncoding = 4; lastKnownFileType = sourcecode.swift; path = StackMapTableAttribute.swift; sourceTree = "<group>"; };
/* End PBXFileReference section */

/* Begin PBXFrameworksBuildPhase section */
		BCBA39A31B3032EB007E8A2E /* Frameworks */ = {
			isa = PBXFrameworksBuildPhase;
			buildActionMask = 2147483647;
			files = (
			);
			runOnlyForDeploymentPostprocessing = 0;
		};
/* End PBXFrameworksBuildPhase section */

/* Begin PBXGroup section */
		BCBA399D1B3032EB007E8A2E = {
			isa = PBXGroup;
			children = (
				BCBA39A81B3032EB007E8A2E /* JarParser */,
				BCBA39A71B3032EB007E8A2E /* Products */,
			);
			sourceTree = "<group>";
		};
		BCBA39A71B3032EB007E8A2E /* Products */ = {
			isa = PBXGroup;
			children = (
				BCBA39A61B3032EB007E8A2E /* JarParser */,
			);
			name = Products;
			sourceTree = "<group>";
		};
		BCBA39A81B3032EB007E8A2E /* JarParser */ = {
			isa = PBXGroup;
			children = (
				BCBA39A91B3032EB007E8A2E /* main.swift */,
				BCBA39B01B303310007E8A2E /* ClassFile.swift */,
				BCBA39B61B3164FB007E8A2E /* ClassConstant.swift */,
				BCFCA2B81B4B59FD00F02E2F /* FieldInfo.swift */,
				BCFCA2BA1B4B5CA500F02E2F /* AttributeInfo.swift */,
				BCFCA2BC1B4C710E00F02E2F /* StackMapTableAttribute.swift */,
				BCE57D7A1B5106C10064EF55 /* Annotation.swift */,
				BCE57D7C1B58D65D0064EF55 /* MethodInfo.swift */,
			);
			path = JarParser;
			sourceTree = "<group>";
		};
/* End PBXGroup section */

/* Begin PBXNativeTarget section */
		BCBA39A51B3032EB007E8A2E /* JarParser */ = {
			isa = PBXNativeTarget;
			buildConfigurationList = BCBA39AD1B3032EB007E8A2E /* Build configuration list for PBXNativeTarget "JarParser" */;
			buildPhases = (
				BCBA39A21B3032EB007E8A2E /* Sources */,
				BCBA39A31B3032EB007E8A2E /* Frameworks */,
				BCBA39A41B3032EB007E8A2E /* CopyFiles */,
			);
			buildRules = (
			);
			dependencies = (
			);
			name = JarParser;
			productName = JarParser;
			productReference = BCBA39A61B3032EB007E8A2E /* JarParser */;
			productType = "com.apple.product-type.tool";
		};
/* End PBXNativeTarget section */

/* Begin PBXProject section */
		BCBA399E1B3032EB007E8A2E /* Project object */ = {
			isa = PBXProject;
			attributes = {
				LastUpgradeCheck = 0700;
				ORGANIZATIONNAME = Softyards;
				TargetAttributes = {
					BCBA39A51B3032EB007E8A2E = {
						CreatedOnToolsVersion = 7.0;
						LastSwiftMigration = 0820;
					};
				};
			};
			buildConfigurationList = BCBA39A11B3032EB007E8A2E /* Build configuration list for PBXProject "JarParser" */;
			compatibilityVersion = "Xcode 3.2";
			developmentRegion = English;
			hasScannedForEncodings = 0;
			knownRegions = (
				en,
			);
			mainGroup = BCBA399D1B3032EB007E8A2E;
			productRefGroup = BCBA39A71B3032EB007E8A2E /* Products */;
			projectDirPath = "";
			projectRoot = "";
			targets = (
				BCBA39A51B3032EB007E8A2E /* JarParser */,
			);
		};
/* End PBXProject section */

/* Begin PBXSourcesBuildPhase section */
		BCBA39A21B3032EB007E8A2E /* Sources */ = {
			isa = PBXSourcesBuildPhase;
			buildActionMask = 2147483647;
			files = (
				BCE57D7D1B58D65D0064EF55 /* MethodInfo.swift in Sources */,
				BCBA39B71B3164FB007E8A2E /* ClassConstant.swift in Sources */,
				BCFCA2BD1B4C710E00F02E2F /* StackMapTableAttribute.swift in Sources */,
				BCFCA2BB1B4B5CA500F02E2F /* AttributeInfo.swift in Sources */,
				BCBA39B11B303310007E8A2E /* ClassFile.swift in Sources */,
				BCFCA2B91B4B59FD00F02E2F /* FieldInfo.swift in Sources */,
				BCE57D7B1B5106C10064EF55 /* Annotation.swift in Sources */,
				BCBA39AA1B3032EB007E8A2E /* main.swift in Sources */,
			);
			runOnlyForDeploymentPostprocessing = 0;
		};
/* End PBXSourcesBuildPhase section */

/* Begin XCBuildConfiguration section */
		BCBA39AB1B3032EB007E8A2E /* Debug */ = {
			isa = XCBuildConfiguration;
			buildSettings = {
				ALWAYS_SEARCH_USER_PATHS = NO;
				CLANG_CXX_LANGUAGE_STANDARD = "gnu++0x";
				CLANG_CXX_LIBRARY = "libc++";
				CLANG_ENABLE_MODULES = YES;
				CLANG_ENABLE_OBJC_ARC = YES;
				CLANG_WARN_BOOL_CONVERSION = YES;
				CLANG_WARN_CONSTANT_CONVERSION = YES;
				CLANG_WARN_DIRECT_OBJC_ISA_USAGE = YES_ERROR;
				CLANG_WARN_EMPTY_BODY = YES;
				CLANG_WARN_ENUM_CONVERSION = YES;
				CLANG_WARN_INT_CONVERSION = YES;
				CLANG_WARN_OBJC_ROOT_CLASS = YES_ERROR;
				CLANG_WARN_UNREACHABLE_CODE = YES;
				CLANG_WARN__DUPLICATE_METHOD_MATCH = YES;
				COPY_PHASE_STRIP = NO;
				DEBUG_INFORMATION_FORMAT = dwarf;
				ENABLE_STRICT_OBJC_MSGSEND = YES;
				ENABLE_TESTABILITY = YES;
				GCC_C_LANGUAGE_STANDARD = gnu99;
				GCC_DYNAMIC_NO_PIC = NO;
				GCC_NO_COMMON_BLOCKS = YES;
				GCC_OPTIMIZATION_LEVEL = 0;
				GCC_PREPROCESSOR_DEFINITIONS = (
					"DEBUG=1",
					"$(inherited)",
				);
				GCC_WARN_64_TO_32_BIT_CONVERSION = YES;
				GCC_WARN_ABOUT_RETURN_TYPE = YES_ERROR;
				GCC_WARN_UNDECLARED_SELECTOR = YES;
				GCC_WARN_UNINITIALIZED_AUTOS = YES_AGGRESSIVE;
				GCC_WARN_UNUSED_FUNCTION = YES;
				GCC_WARN_UNUSED_VARIABLE = YES;
				MACOSX_DEPLOYMENT_TARGET = 10.10;
				MTL_ENABLE_DEBUG_INFO = YES;
				ONLY_ACTIVE_ARCH = YES;
				SDKROOT = macosx;
				SWIFT_OPTIMIZATION_LEVEL = "-Onone";
			};
			name = Debug;
		};
		BCBA39AC1B3032EB007E8A2E /* Release */ = {
			isa = XCBuildConfiguration;
			buildSettings = {
				ALWAYS_SEARCH_USER_PATHS = NO;
				CLANG_CXX_LANGUAGE_STANDARD = "gnu++0x";
				CLANG_CXX_LIBRARY = "libc++";
				CLANG_ENABLE_MODULES = YES;
				CLANG_ENABLE_OBJC_ARC = YES;
				CLANG_WARN_BOOL_CONVERSION = YES;
				CLANG_WARN_CONSTANT_CONVERSION = YES;
				CLANG_WARN_DIRECT_OBJC_ISA_USAGE = YES_ERROR;
				CLANG_WARN_EMPTY_BODY = YES;
				CLANG_WARN_ENUM_CONVERSION = YES;
				CLANG_WARN_INT_CONVERSION = YES;
				CLANG_WARN_OBJC_ROOT_CLASS = YES_ERROR;
				CLANG_WARN_UNREACHABLE_CODE = YES;
				CLANG_WARN__DUPLICATE_METHOD_MATCH = YES;
				COPY_PHASE_STRIP = NO;
				DEBUG_INFORMATION_FORMAT = "dwarf-with-dsym";
				ENABLE_NS_ASSERTIONS = NO;
				ENABLE_STRICT_OBJC_MSGSEND = YES;
				GCC_C_LANGUAGE_STANDARD = gnu99;
				GCC_NO_COMMON_BLOCKS = YES;
				GCC_WARN_64_TO_32_BIT_CONVERSION = YES;
				GCC_WARN_ABOUT_RETURN_TYPE = YES_ERROR;
				GCC_WARN_UNDECLARED_SELECTOR = YES;
				GCC_WARN_UNINITIALIZED_AUTOS = YES_AGGRESSIVE;
				GCC_WARN_UNUSED_FUNCTION = YES;
				GCC_WARN_UNUSED_VARIABLE = YES;
				MACOSX_DEPLOYMENT_TARGET = 10.10;
				MTL_ENABLE_DEBUG_INFO = NO;
				SDKROOT = macosx;
			};
			name = Release;
		};
		BCBA39AE1B3032EB007E8A2E /* Debug */ = {
			isa = XCBuildConfiguration;
			buildSettings = {
				PRODUCT_NAME = "$(TARGET_NAME)";
				SWIFT_VERSION = 3.0;
			};
			name = Debug;
		};
		BCBA39AF1B3032EB007E8A2E /* Release */ = {
			isa = XCBuildConfiguration;
			buildSettings = {
				PRODUCT_NAME = "$(TARGET_NAME)";
				SWIFT_VERSION = 3.0;
			};
			name = Release;
		};
/* End XCBuildConfiguration section */

/* Begin XCConfigurationList section */
		BCBA39A11B3032EB007E8A2E /* Build configuration list for PBXProject "JarParser" */ = {
			isa = XCConfigurationList;
			buildConfigurations = (
				BCBA39AB1B3032EB007E8A2E /* Debug */,
				BCBA39AC1B3032EB007E8A2E /* Release */,
			);
			defaultConfigurationIsVisible = 0;
			defaultConfigurationName = Release;
		};
		BCBA39AD1B3032EB007E8A2E /* Build configuration list for PBXNativeTarget "JarParser" */ = {
			isa = XCConfigurationList;
			buildConfigurations = (
				BCBA39AE1B3032EB007E8A2E /* Debug */,
				BCBA39AF1B3032EB007E8A2E /* Release */,
			);
			defaultConfigurationIsVisible = 0;
			defaultConfigurationName = Release;
		};
/* End XCConfigurationList section */
	};
	rootObject = BCBA399E1B3032EB007E8A2E /* Project object */;
}
